# Generated by pub
# See https://dart.dev/tools/pub/glossary#lockfile
packages:
  _flutterfire_internals:
    dependency: transitive
    description:
      name: _flutterfire_internals
      sha256: a742f71d7f3484253a623b30e19256aa4668ecbb3de6ad1beb0bcf8d4777ecd8
      url: "https://pub.dev"
    source: hosted
    version: "1.3.3"
  archive:
    dependency: transitive
    description:
      name: archive
      sha256: "0c8368c9b3f0abbc193b9d6133649a614204b528982bebc7026372d61677ce3a"
      url: "https://pub.dev"
    source: hosted
    version: "3.3.7"
  args:
    dependency: transitive
    description:
      name: args
      sha256: eef6c46b622e0494a36c5a12d10d77fb4e855501a91c1b9ef9339326e58f0596
      url: "https://pub.dev"
    source: hosted
    version: "2.4.2"
  async:
    dependency: transitive
    description:
      name: async
      sha256: "947bfcf187f74dbc5e146c9eb9c0f10c9f8b30743e341481c1e2ed3ecc18c20c"
      url: "https://pub.dev"
    source: hosted
    version: "2.11.0"
  boolean_selector:
    dependency: transitive
    description:
      name: boolean_selector
      sha256: "6cfb5af12253eaf2b368f07bacc5a80d1301a071c73360d746b7f2e32d762c66"
      url: "https://pub.dev"
    source: hosted
    version: "2.1.1"
  change_app_package_name:
    dependency: "direct main"
    description:
      name: change_app_package_name
      sha256: f9ebaf68a4b5a68c581492579bb68273c523ef325fbf9ce2f1b57fb136ad023b
      url: "https://pub.dev"
    source: hosted
    version: "1.1.0"
  characters:
    dependency: transitive
    description:
      name: characters
      sha256: "04a925763edad70e8443c99234dc3328f442e811f1d8fd1a72f1c8ad0f69a605"
      url: "https://pub.dev"
    source: hosted
    version: "1.3.0"
  checked_yaml:
    dependency: transitive
    description:
      name: checked_yaml
      sha256: feb6bed21949061731a7a75fc5d2aa727cf160b91af9a3e464c5e3a32e28b5ff
      url: "https://pub.dev"
    source: hosted
    version: "2.0.3"
  cli_util:
    dependency: transitive
    description:
      name: cli_util
      sha256: b8db3080e59b2503ca9e7922c3df2072cf13992354d5e944074ffa836fba43b7
      url: "https://pub.dev"
    source: hosted
    version: "0.4.0"
  clock:
    dependency: transitive
    description:
      name: clock
      sha256: cb6d7f03e1de671e34607e909a7213e31d7752be4fb66a86d29fe1eb14bfb5cf
      url: "https://pub.dev"
    source: hosted
    version: "1.1.1"
  collection:
    dependency: transitive
    description:
      name: collection
      sha256: "4a07be6cb69c84d677a6c3096fcf960cc3285a8330b4603e0d463d15d9bd934c"
      url: "https://pub.dev"
    source: hosted
    version: "1.17.1"
  colorful_safe_area:
    dependency: "direct main"
    description:
      name: colorful_safe_area
      sha256: aed448f38de1bcd57f7c1dd4a18b259092c5c9cabf5da239e3e1dfa859ff0a20
      url: "https://pub.dev"
    source: hosted
    version: "1.0.0"
  convert:
    dependency: transitive
    description:
      name: convert
      sha256: "0f08b14755d163f6e2134cb58222dd25ea2a2ee8a195e53983d57c075324d592"
      url: "https://pub.dev"
    source: hosted
    version: "3.1.1"
  cross_file:
    dependency: transitive
    description:
      name: cross_file
      sha256: "0b0036e8cccbfbe0555fd83c1d31a6f30b77a96b598b35a5d36dd41f718695e9"
      url: "https://pub.dev"
    source: hosted
    version: "0.3.3+4"
  crypto:
    dependency: transitive
    description:
      name: crypto
      sha256: ff625774173754681d66daaf4a448684fb04b78f902da9cb3d308c19cc5e8bab
      url: "https://pub.dev"
    source: hosted
    version: "3.0.3"
  csslib:
    dependency: transitive
    description:
      name: csslib
      sha256: b36c7f7e24c0bdf1bf9a3da461c837d1de64b9f8beb190c9011d8c72a3dfd745
      url: "https://pub.dev"
    source: hosted
    version: "0.17.2"
  cupertino_icons:
    dependency: "direct main"
    description:
      name: cupertino_icons
      sha256: e35129dc44c9118cee2a5603506d823bab99c68393879edb440e0090d07586be
      url: "https://pub.dev"
    source: hosted
    version: "1.0.5"
  fake_async:
    dependency: transitive
    description:
      name: fake_async
      sha256: "511392330127add0b769b75a987850d136345d9227c6b94c96a04cf4a391bf78"
      url: "https://pub.dev"
    source: hosted
    version: "1.3.1"
  ffi:
    dependency: transitive
    description:
      name: ffi
      sha256: a38574032c5f1dd06c4aee541789906c12ccaab8ba01446e800d9c5b79c4a978
      url: "https://pub.dev"
    source: hosted
    version: "2.0.1"
  file:
    dependency: transitive
    description:
      name: file
      sha256: "1b92bec4fc2a72f59a8e15af5f52cd441e4a7860b49499d69dfa817af20e925d"
      url: "https://pub.dev"
    source: hosted
    version: "6.1.4"
  firebase_analytics:
    dependency: "direct main"
    description:
      name: firebase_analytics
      sha256: b4f0da1ba0ed06a738d2f729a94dae2518c3738167a13e7f2347303e7a5ab0d9
      url: "https://pub.dev"
    source: hosted
    version: "10.4.3"
  firebase_analytics_platform_interface:
    dependency: transitive
    description:
      name: firebase_analytics_platform_interface
      sha256: "25ff27c6dfc875ec299af1c714cbc9f4d44bd47a1163a0ba008a1e5d88a6a786"
      url: "https://pub.dev"
    source: hosted
    version: "3.6.3"
  firebase_analytics_web:
    dependency: transitive
    description:
      name: firebase_analytics_web
      sha256: "9b80a8444a94ace32f56e43e7e946613b02bc7daa9fd4ae7857f4a2394b134f9"
      url: "https://pub.dev"
    source: hosted
    version: "0.5.4+3"
  firebase_core:
    dependency: "direct main"
    description:
      name: firebase_core
      sha256: a4a99204da264a0aa9d54a332ea0315ce7b0768075139c77abefe98093dd98be
      url: "https://pub.dev"
    source: hosted
    version: "2.14.0"
  firebase_core_platform_interface:
    dependency: transitive
    description:
      name: firebase_core_platform_interface
      sha256: b63e3be6c96ef5c33bdec1aab23c91eb00696f6452f0519401d640938c94cba2
      url: "https://pub.dev"
    source: hosted
    version: "4.8.0"
  firebase_core_web:
    dependency: transitive
    description:
      name: firebase_core_web
      sha256: "0fd5c4b228de29b55fac38aed0d9e42514b3d3bd47675de52bf7f8fccaf922fa"
      url: "https://pub.dev"
    source: hosted
    version: "2.6.0"
  firebase_crashlytics:
    dependency: "direct main"
    description:
      name: firebase_crashlytics
      sha256: "398012cf7838f8a373a25da65dd62fc3a3f4abe4b5f886caa634952c3387dce3"
      url: "https://pub.dev"
    source: hosted
    version: "3.3.3"
  firebase_crashlytics_platform_interface:
    dependency: transitive
    description:
      name: firebase_crashlytics_platform_interface
      sha256: "39dfcc9a5ddfaa0588ad67f1016174dd9e19f6b31f592b8641bd559399567592"
      url: "https://pub.dev"
    source: hosted
    version: "3.6.3"
  firebase_dynamic_links:
    dependency: "direct main"
    description:
      name: firebase_dynamic_links
      sha256: "9b984d0abd227a702451a997abcca763f4dbf67e260dad60e5506d55e3eff244"
      url: "https://pub.dev"
    source: hosted
    version: "5.3.3"
  firebase_dynamic_links_platform_interface:
    dependency: transitive
    description:
      name: firebase_dynamic_links_platform_interface
      sha256: "6ef00a0be18f3231e9727f7c4b31db89dbfa16792098beb850603c30854560ff"
      url: "https://pub.dev"
    source: hosted
    version: "0.2.6+3"
  flutter:
    dependency: "direct main"
    description: flutter
    source: sdk
    version: "0.0.0"
  flutter_config:
    dependency: "direct main"
    description:
      name: flutter_config
      sha256: "8e2be2d560a52e06d2ef53a31913a11fc80ef708a442571c96194fd32e29fb1a"
      url: "https://pub.dev"
    source: hosted
    version: "2.0.0"
  flutter_dotenv:
    dependency: "direct main"
    description:
      name: flutter_dotenv
      sha256: "9357883bdd153ab78cbf9ffa07656e336b8bbb2b5a3ca596b0b27e119f7c7d77"
      url: "https://pub.dev"
    source: hosted
    version: "5.1.0"
  flutter_launcher_icons:
    dependency: "direct main"
    description:
      name: flutter_launcher_icons
      sha256: "526faf84284b86a4cb36d20a5e45147747b7563d921373d4ee0559c54fcdbcea"
      url: "https://pub.dev"
    source: hosted
    version: "0.13.1"
  flutter_lints:
    dependency: "direct dev"
    description:
      name: flutter_lints
      sha256: b543301ad291598523947dc534aaddc5aaad597b709d2426d3a0e0d44c5cb493
      url: "https://pub.dev"
    source: hosted
    version: "1.0.4"
  flutter_native_splash:
    dependency: "direct main"
    description:
      name: flutter_native_splash
      sha256: ba45d8cfbd778478a74696b012f33ffb6b1760c9bc531b21e2964444a4870dae
      url: "https://pub.dev"
    source: hosted
    version: "2.3.1"
  flutter_phone_direct_caller:
    dependency: "direct main"
    description:
      name: flutter_phone_direct_caller
      sha256: a50abfb49656d39e777278348742d0d09ecfa5d4918bbc4e0b19df46e8dfd858
      url: "https://pub.dev"
    source: hosted
    version: "2.1.1"
  flutter_test:
    dependency: "direct dev"
    description: flutter
    source: sdk
    version: "0.0.0"
  flutter_web_plugins:
    dependency: transitive
    description: flutter
    source: sdk
    version: "0.0.0"
  geolocator:
    dependency: "direct main"
    description:
      name: geolocator
      sha256: b8f520252c5c66851295bcc263bc8ae7555501938427f72216ba7688702e261d
      url: "https://pub.dev"
    source: hosted
    version: "7.7.1"
  geolocator_android:
    dependency: transitive
    description:
      name: geolocator_android
      sha256: "2f84d6d68b97a3774f2c4111ac95ec5898cd9b98f12193fc3ea7fa21d7a8b46c"
      url: "https://pub.dev"
    source: hosted
    version: "2.1.0"
  geolocator_apple:
    dependency: transitive
    description:
      name: geolocator_apple
      sha256: "1e8e398cc92151d946a4bbd34e2075885333e42d35ca33e418e7ce7b0a29991e"
      url: "https://pub.dev"
    source: hosted
    version: "1.2.2"
  geolocator_platform_interface:
    dependency: transitive
    description:
      name: geolocator_platform_interface
      sha256: "9d6f34a8a4b704d504f34acc5e52d880a7d2caedd99739902d6319179b0336d4"
      url: "https://pub.dev"
    source: hosted
    version: "2.3.6"
  geolocator_web:
    dependency: transitive
    description:
      name: geolocator_web
      sha256: "0b9e0ec13ce2211085cae0055b3516c975bd6cfe2878a20c8f13611f1a259855"
      url: "https://pub.dev"
    source: hosted
    version: "2.0.6"
  get:
    dependency: "direct main"
    description:
      name: get
      sha256: "2ba20a47c8f1f233bed775ba2dd0d3ac97b4cf32fc17731b3dfc672b06b0e92a"
      url: "https://pub.dev"
    source: hosted
    version: "4.6.5"
  get_it:
    dependency: "direct main"
    description:
      name: get_it
      sha256: "290fde3a86072e4b37dbb03c07bec6126f0ecc28dad403c12ffe2e5a2d751ab7"
      url: "https://pub.dev"
    source: hosted
    version: "7.2.0"
  google_mobile_ads:
    dependency: "direct main"
    description:
      name: google_mobile_ads
      sha256: "010b7a7a81b5c8f760eb2e5add8eaa7e429b4982dc8c8e465b709611f52887be"
      url: "https://pub.dev"
    source: hosted
    version: "2.4.0"
  html:
    dependency: "direct main"
    description:
      name: html
      sha256: "3a7812d5bcd2894edf53dfaf8cd640876cf6cef50a8f238745c8b8120ea74d3a"
      url: "https://pub.dev"
    source: hosted
    version: "0.15.4"
  http:
    dependency: "direct main"
    description:
      name: http
      sha256: "5895291c13fa8a3bd82e76d5627f69e0d85ca6a30dcac95c4ea19a5d555879c2"
      url: "https://pub.dev"
    source: hosted
    version: "0.13.6"
  http_parser:
    dependency: transitive
    description:
      name: http_parser
      sha256: "2aa08ce0341cc9b354a498388e30986515406668dbcc4f7c950c3e715496693b"
      url: "https://pub.dev"
    source: hosted
    version: "4.0.2"
  image:
    dependency: transitive
    description:
      name: image
      sha256: a72242c9a0ffb65d03de1b7113bc4e189686fc07c7147b8b41811d0dd0e0d9bf
      url: "https://pub.dev"
    source: hosted
    version: "4.0.17"
  intl:
    dependency: "direct main"
    description:
      name: intl
      sha256: "3bc132a9dbce73a7e4a21a17d06e1878839ffbf975568bc875c60537824b0c4d"
      url: "https://pub.dev"
    source: hosted
    version: "0.18.1"
  js:
    dependency: transitive
    description:
      name: js
      sha256: f2c445dce49627136094980615a031419f7f3eb393237e4ecd97ac15dea343f3
      url: "https://pub.dev"
    source: hosted
    version: "0.6.7"
  json_annotation:
    dependency: transitive
    description:
      name: json_annotation
      sha256: b10a7b2ff83d83c777edba3c6a0f97045ddadd56c944e1a23a3fdf43a1bf4467
      url: "https://pub.dev"
    source: hosted
    version: "4.8.1"
  lints:
    dependency: transitive
    description:
      name: lints
      sha256: a2c3d198cb5ea2e179926622d433331d8b58374ab8f29cdda6e863bd62fd369c
      url: "https://pub.dev"
    source: hosted
    version: "1.0.1"
  location:
    dependency: "direct main"
    description:
      name: location
      sha256: "9051959f6f2ccadd887b28b66e9cbbcc25b6838e37cf9e894c421ccc0ebf80b5"
      url: "https://pub.dev"
    source: hosted
    version: "4.4.0"
  location_platform_interface:
    dependency: "direct main"
    description:
      name: location_platform_interface
      sha256: "62eeaf1658e92e4459b727f55a3c328eccbac8ba043fa6d262ac5286ad48384c"
      url: "https://pub.dev"
    source: hosted
    version: "2.3.0"
  location_web:
    dependency: transitive
    description:
      name: location_web
      sha256: "6c08c408a040534c0269c4ff9fe17eebb5a36dea16512fbaf116b9c8bc21545b"
      url: "https://pub.dev"
    source: hosted
    version: "3.1.1"
  logger:
    dependency: "direct main"
    description:
      name: logger
      sha256: "7ad7215c15420a102ec687bb320a7312afd449bac63bfb1c60d9787c27b9767f"
      url: "https://pub.dev"
    source: hosted
    version: "1.4.0"
  matcher:
    dependency: transitive
    description:
      name: matcher
      sha256: "6501fbd55da300384b768785b83e5ce66991266cec21af89ab9ae7f5ce1c4cbb"
      url: "https://pub.dev"
    source: hosted
    version: "0.12.15"
  material_color_utilities:
    dependency: transitive
    description:
      name: material_color_utilities
      sha256: d92141dc6fe1dad30722f9aa826c7fbc896d021d792f80678280601aff8cf724
      url: "https://pub.dev"
    source: hosted
    version: "0.2.0"
  meta:
    dependency: transitive
    description:
      name: meta
      sha256: "3c74dbf8763d36539f114c799d8a2d87343b5067e9d796ca22b5eb8437090ee3"
      url: "https://pub.dev"
    source: hosted
    version: "1.9.1"
  mime:
    dependency: transitive
    description:
      name: mime
      sha256: e4ff8e8564c03f255408decd16e7899da1733852a9110a58fe6d1b817684a63e
      url: "https://pub.dev"
    source: hosted
    version: "1.0.4"
  path:
    dependency: transitive
    description:
      name: path
      sha256: "8829d8a55c13fc0e37127c29fedf290c102f4e40ae94ada574091fe0ff96c917"
      url: "https://pub.dev"
    source: hosted
    version: "1.8.3"
  path_provider_linux:
    dependency: transitive
    description:
      name: path_provider_linux
      sha256: "2ae08f2216225427e64ad224a24354221c2c7907e448e6e0e8b57b1eb9f10ad1"
      url: "https://pub.dev"
    source: hosted
    version: "2.1.10"
  path_provider_platform_interface:
    dependency: transitive
    description:
      name: path_provider_platform_interface
      sha256: "57585299a729335f1298b43245842678cb9f43a6310351b18fb577d6e33165ec"
      url: "https://pub.dev"
    source: hosted
    version: "2.0.6"
  path_provider_windows:
    dependency: transitive
    description:
      name: path_provider_windows
      sha256: f53720498d5a543f9607db4b0e997c4b5438884de25b0f73098cc2671a51b130
      url: "https://pub.dev"
    source: hosted
    version: "2.1.5"
  permission_handler:
    dependency: "direct main"
    description:
      name: permission_handler
      sha256: "33c6a1253d1f95fd06fa74b65b7ba907ae9811f9d5c1d3150e51417d04b8d6a8"
      url: "https://pub.dev"
    source: hosted
    version: "10.2.0"
  permission_handler_android:
    dependency: transitive
    description:
      name: permission_handler_android
      sha256: "8028362b40c4a45298f1cbfccd227c8dd6caf0e27088a69f2ba2ab15464159e2"
      url: "https://pub.dev"
    source: hosted
    version: "10.2.0"
  permission_handler_apple:
    dependency: transitive
    description:
      name: permission_handler_apple
      sha256: ee96ac32f5a8e6f80756e25b25b9f8e535816c8e6665a96b6d70681f8c4f7e85
      url: "https://pub.dev"
    source: hosted
    version: "9.0.8"
  permission_handler_platform_interface:
    dependency: transitive
    description:
      name: permission_handler_platform_interface
      sha256: "68abbc472002b5e6dfce47fe9898c6b7d8328d58b5d2524f75e277c07a97eb84"
      url: "https://pub.dev"
    source: hosted
    version: "3.9.0"
  permission_handler_windows:
    dependency: transitive
    description:
      name: permission_handler_windows
      sha256: f67cab14b4328574938ecea2db3475dad7af7ead6afab6338772c5f88963e38b
      url: "https://pub.dev"
    source: hosted
    version: "0.1.2"
  petitparser:
    dependency: transitive
    description:
      name: petitparser
      sha256: cb3798bef7fc021ac45b308f4b51208a152792445cce0448c9a4ba5879dd8750
      url: "https://pub.dev"
    source: hosted
    version: "5.4.0"
  platform:
    dependency: transitive
    description:
      name: platform
      sha256: "4a451831508d7d6ca779f7ac6e212b4023dd5a7d08a27a63da33756410e32b76"
      url: "https://pub.dev"
    source: hosted
    version: "3.1.0"
  plugin_platform_interface:
    dependency: transitive
    description:
      name: plugin_platform_interface
      sha256: "6a2128648c854906c53fa8e33986fc0247a1116122f9534dd20e3ab9e16a32bc"
      url: "https://pub.dev"
    source: hosted
    version: "2.1.4"
  pointycastle:
    dependency: transitive
    description:
      name: pointycastle
      sha256: "7c1e5f0d23c9016c5bbd8b1473d0d3fb3fc851b876046039509e18e0c7485f2c"
      url: "https://pub.dev"
    source: hosted
    version: "3.7.3"
  process:
    dependency: transitive
    description:
      name: process
      sha256: "53fd8db9cec1d37b0574e12f07520d582019cb6c44abf5479a01505099a34a09"
      url: "https://pub.dev"
    source: hosted
    version: "4.2.4"
  screenshot:
    dependency: "direct main"
    description:
      name: screenshot
      sha256: "65d4050f542ecccd985b73fadab25730448a00bc6eb9dc40dd164f655ad8efb2"
      url: "https://pub.dev"
    source: hosted
    version: "2.0.0"
  share_plus:
    dependency: "direct main"
    description:
      name: share_plus
      sha256: "75d2b5489ee248d2791f7aaf1f3b316219a0110ae34d17f6163622dab3242eef"
      url: "https://pub.dev"
    source: hosted
    version: "6.0.1"
  share_plus_platform_interface:
    dependency: transitive
    description:
      name: share_plus_platform_interface
      sha256: bdc228d4111f4b7ef2d949e5f13521adab03a386e4013c80ea4a9df79ef1d9d1
      url: "https://pub.dev"
    source: hosted
    version: "3.1.2"
  shared_preferences:
    dependency: "direct main"
    description:
      name: shared_preferences
      sha256: "78528fd87d0d08ffd3e69551173c026e8eacc7b7079c82eb6a77413957b7e394"
      url: "https://pub.dev"
    source: hosted
    version: "2.0.20"
  shared_preferences_android:
    dependency: transitive
    description:
      name: shared_preferences_android
      sha256: ad423a80fe7b4e48b50d6111b3ea1027af0e959e49d485712e134863d9c1c521
      url: "https://pub.dev"
    source: hosted
    version: "2.0.17"
  shared_preferences_foundation:
    dependency: transitive
    description:
      name: shared_preferences_foundation
      sha256: "1e755f8583229f185cfca61b1d80fb2344c9d660e1c69ede5450d8f478fa5310"
      url: "https://pub.dev"
    source: hosted
    version: "2.1.5"
  shared_preferences_linux:
    dependency: transitive
    description:
      name: shared_preferences_linux
      sha256: "3a59ed10890a8409ad0faad7bb2957dab4b92b8fbe553257b05d30ed8af2c707"
      url: "https://pub.dev"
    source: hosted
    version: "2.1.5"
  shared_preferences_platform_interface:
    dependency: transitive
    description:
      name: shared_preferences_platform_interface
      sha256: fb5cf25c0235df2d0640ac1b1174f6466bd311f621574997ac59018a6664548d
      url: "https://pub.dev"
    source: hosted
    version: "2.2.0"
  shared_preferences_web:
    dependency: transitive
    description:
      name: shared_preferences_web
      sha256: "0dc2633f215a3d4aa3184c9b2c5766f4711e4e5a6b256e62aafee41f89f1bfb8"
      url: "https://pub.dev"
    source: hosted
    version: "2.0.6"
  shared_preferences_windows:
    dependency: transitive
    description:
      name: shared_preferences_windows
      sha256: "71bcd669bb9cdb6b39f22c4a7728b6d49e934f6cba73157ffa5a54f1eed67436"
      url: "https://pub.dev"
    source: hosted
    version: "2.1.5"
  shimmer:
    dependency: "direct main"
    description:
      name: shimmer
      sha256: "5f88c883a22e9f9f299e5ba0e4f7e6054857224976a5d9f839d4ebdc94a14ac9"
      url: "https://pub.dev"
    source: hosted
    version: "3.0.0"
  sky_engine:
    dependency: transitive
    description: flutter
    source: sdk
    version: "0.0.99"
  source_span:
    dependency: transitive
    description:
      name: source_span
      sha256: dd904f795d4b4f3b870833847c461801f6750a9fa8e61ea5ac53f9422b31f250
      url: "https://pub.dev"
    source: hosted
    version: "1.9.1"
  stack_trace:
    dependency: transitive
    description:
      name: stack_trace
      sha256: c3c7d8edb15bee7f0f74debd4b9c5f3c2ea86766fe4178eb2a18eb30a0bdaed5
      url: "https://pub.dev"
    source: hosted
    version: "1.11.0"
  stream_channel:
    dependency: transitive
    description:
      name: stream_channel
      sha256: "83615bee9045c1d322bbbd1ba209b7a749c2cbcdcb3fdd1df8eb488b3279c1c8"
      url: "https://pub.dev"
    source: hosted
    version: "2.1.1"
  string_scanner:
    dependency: transitive
    description:
      name: string_scanner
      sha256: "556692adab6cfa87322a115640c11f13cb77b3f076ddcc5d6ae3c20242bedcde"
      url: "https://pub.dev"
    source: hosted
    version: "1.2.0"
  term_glyph:
    dependency: transitive
    description:
      name: term_glyph
      sha256: a29248a84fbb7c79282b40b8c72a1209db169a2e0542bce341da992fe1bc7e84
      url: "https://pub.dev"
    source: hosted
    version: "1.2.1"
  test_api:
    dependency: transitive
    description:
      name: test_api
      sha256: eb6ac1540b26de412b3403a163d919ba86f6a973fe6cc50ae3541b80092fdcfb
      url: "https://pub.dev"
    source: hosted
    version: "0.5.1"
  typed_data:
    dependency: transitive
    description:
      name: typed_data
      sha256: "26f87ade979c47a150c9eaab93ccd2bebe70a27dc0b4b29517f2904f04eb11a5"
      url: "https://pub.dev"
    source: hosted
    version: "1.3.1"
  universal_io:
    dependency: transitive
    description:
      name: universal_io
      sha256: "1722b2dcc462b4b2f3ee7d188dad008b6eb4c40bbd03a3de451d82c78bba9aad"
      url: "https://pub.dev"
    source: hosted
    version: "2.2.2"
  url_launcher:
    dependency: "direct main"
    description:
      name: url_launcher
      sha256: eb1e00ab44303d50dd487aab67ebc575456c146c6af44422f9c13889984c00f3
      url: "https://pub.dev"
    source: hosted
    version: "6.1.11"
  url_launcher_android:
    dependency: transitive
    description:
      name: url_launcher_android
      sha256: dd729390aa936bf1bdf5cd1bc7468ff340263f80a2c4f569416507667de8e3c8
      url: "https://pub.dev"
    source: hosted
    version: "6.0.26"
  url_launcher_ios:
    dependency: transitive
    description:
      name: url_launcher_ios
      sha256: "3dedc66ca3c0bef9e6a93c0999aee102556a450afcc1b7bcfeace7a424927d92"
      url: "https://pub.dev"
    source: hosted
    version: "6.1.3"
  url_launcher_linux:
    dependency: transitive
    description:
      name: url_launcher_linux
      sha256: "206fb8334a700ef7754d6a9ed119e7349bc830448098f21a69bf1b4ed038cabc"
      url: "https://pub.dev"
    source: hosted
    version: "3.0.4"
  url_launcher_macos:
    dependency: transitive
    description:
      name: url_launcher_macos
      sha256: "0ef2b4f97942a16523e51256b799e9aa1843da6c60c55eefbfa9dbc2dcb8331a"
      url: "https://pub.dev"
    source: hosted
    version: "3.0.4"
  url_launcher_platform_interface:
    dependency: transitive
    description:
      name: url_launcher_platform_interface
      sha256: "6c9ca697a5ae218ce56cece69d46128169a58aa8653c1b01d26fcd4aad8c4370"
      url: "https://pub.dev"
    source: hosted
    version: "2.1.2"
  url_launcher_web:
    dependency: transitive
    description:
      name: url_launcher_web
      sha256: "81fe91b6c4f84f222d186a9d23c73157dc4c8e1c71489c4d08be1ad3b228f1aa"
      url: "https://pub.dev"
    source: hosted
    version: "2.0.16"
  url_launcher_windows:
    dependency: transitive
    description:
      name: url_launcher_windows
      sha256: a83ba3607a507758669cfafb03f9de09bf6e6280c14d9b9cb18f013e406dcacd
      url: "https://pub.dev"
    source: hosted
    version: "3.0.5"
  vector_math:
    dependency: transitive
    description:
      name: vector_math
      sha256: "80b3257d1492ce4d091729e3a67a60407d227c27241d6927be0130c98e741803"
      url: "https://pub.dev"
    source: hosted
    version: "2.1.4"
  visibility_detector:
    dependency: transitive
    description:
      name: visibility_detector
      sha256: "15c54a459ec2c17b4705450483f3d5a2858e733aee893dcee9d75fd04814940d"
      url: "https://pub.dev"
    source: hosted
    version: "0.3.3"
  webview_flutter:
    dependency: "direct main"
    description:
      name: webview_flutter
      sha256: "392c1d83b70fe2495de3ea2c84531268d5b8de2de3f01086a53334d8b6030a88"
      url: "https://pub.dev"
    source: hosted
    version: "3.0.4"
  webview_flutter_android:
    dependency: transitive
    description:
      name: webview_flutter_android
      sha256: "8b3b2450e98876c70bfcead876d9390573b34b9418c19e28168b74f6cb252dbd"
      url: "https://pub.dev"
    source: hosted
    version: "2.10.4"
  webview_flutter_platform_interface:
    dependency: transitive
    description:
      name: webview_flutter_platform_interface
      sha256: "812165e4e34ca677bdfbfa58c01e33b27fd03ab5fa75b70832d4b7d4ca1fa8cf"
      url: "https://pub.dev"
    source: hosted
    version: "1.9.5"
  webview_flutter_wkwebview:
    dependency: transitive
    description:
      name: webview_flutter_wkwebview
      sha256: a5364369c758892aa487cbf59ea41d9edd10f9d9baf06a94e80f1bd1b4c7bbc0
      url: "https://pub.dev"
    source: hosted
    version: "2.9.5"
  win32:
    dependency: transitive
    description:
      name: win32
      sha256: c9ebe7ee4ab0c2194e65d3a07d8c54c5d00bb001b76081c4a04cdb8448b59e46
      url: "https://pub.dev"
    source: hosted
    version: "3.1.3"
  xdg_directories:
    dependency: transitive
    description:
      name: xdg_directories
      sha256: ee1505df1426458f7f60aac270645098d318a8b4766d85fde75f76f2e21807d1
      url: "https://pub.dev"
    source: hosted
    version: "1.0.0"
  xml:
    dependency: transitive
    description:
      name: xml
      sha256: "5bc72e1e45e941d825fd7468b9b4cc3b9327942649aeb6fc5cdbf135f0a86e84"
      url: "https://pub.dev"
    source: hosted
    version: "6.3.0"
  yaml:
    dependency: transitive
    description:
      name: yaml
      sha256: "75769501ea3489fca56601ff33454fe45507ea3bfb014161abc3b43ae25989d5"
      url: "https://pub.dev"
    source: hosted
    version: "3.1.2"
sdks:
  dart: ">=3.0.0 <4.0.0"
  flutter: ">=3.3.0"
