PODS:
  - app_group_directory (1.0.0):
    - Flutter
  - Firebase/Analytics (11.4.0):
    - Firebase/Core
  - Firebase/Auth (11.4.0):
    - Firebase/CoreOnly
    - FirebaseAuth (~> 11.4.0)
  - Firebase/Core (11.4.0):
    - Firebase/CoreOnly
    - FirebaseAnalytics (~> 11.4.0)
  - Firebase/CoreOnly (11.4.0):
    - FirebaseCore (= 11.4.0)
  - Firebase/Crashlytics (11.4.0):
    - Firebase/CoreOnly
    - FirebaseCrashlytics (~> 11.4.0)
  - Firebase/DynamicLinks (11.4.0):
    - Firebase/CoreOnly
    - FirebaseDynamicLinks (~> 11.4.0)
  - Firebase/Messaging (11.4.0):
    - Firebase/CoreOnly
    - FirebaseMessaging (~> 11.4.0)
  - firebase_analytics (11.3.6):
    - Firebase/Analytics (= 11.4.0)
    - firebase_core
    - Flutter
  - firebase_auth (5.3.4):
    - Firebase/Auth (= 11.4.0)
    - firebase_core
    - Flutter
  - firebase_core (3.9.0):
    - Firebase/CoreOnly (= 11.4.0)
    - Flutter
  - firebase_crashlytics (4.2.0):
    - Firebase/Crashlytics (= 11.4.0)
    - firebase_core
    - Flutter
  - firebase_dynamic_links (6.0.11):
    - Firebase/DynamicLinks (= 11.4.0)
    - firebase_core
    - Flutter
  - firebase_messaging (15.1.6):
    - Firebase/Messaging (= 11.4.0)
    - firebase_core
    - Flutter
  - FirebaseAnalytics (11.4.0):
    - FirebaseAnalytics/AdIdSupport (= 11.4.0)
    - FirebaseCore (~> 11.0)
    - FirebaseInstallations (~> 11.0)
    - GoogleUtilities/AppDelegateSwizzler (~> 8.0)
    - GoogleUtilities/MethodSwizzler (~> 8.0)
    - GoogleUtilities/Network (~> 8.0)
    - "GoogleUtilities/NSData+zlib (~> 8.0)"
    - nanopb (~> 3.30910.0)
  - FirebaseAnalytics/AdIdSupport (11.4.0):
    - FirebaseCore (~> 11.0)
    - FirebaseInstallations (~> 11.0)
    - GoogleAppMeasurement (= 11.4.0)
    - GoogleUtilities/AppDelegateSwizzler (~> 8.0)
    - GoogleUtilities/MethodSwizzler (~> 8.0)
    - GoogleUtilities/Network (~> 8.0)
    - "GoogleUtilities/NSData+zlib (~> 8.0)"
    - nanopb (~> 3.30910.0)
  - FirebaseAppCheckInterop (11.6.0)
  - FirebaseAuth (11.4.0):
    - FirebaseAppCheckInterop (~> 11.0)
    - FirebaseAuthInterop (~> 11.0)
    - FirebaseCore (~> 11.4)
    - FirebaseCoreExtension (~> 11.4)
    - GoogleUtilities/AppDelegateSwizzler (~> 8.0)
    - GoogleUtilities/Environment (~> 8.0)
    - GTMSessionFetcher/Core (< 5.0, >= 3.4)
    - RecaptchaInterop (~> 100.0)
  - FirebaseAuthInterop (11.6.0)
  - FirebaseCore (11.4.0):
    - FirebaseCoreInternal (~> 11.0)
    - GoogleUtilities/Environment (~> 8.0)
    - GoogleUtilities/Logger (~> 8.0)
  - FirebaseCoreExtension (11.4.1):
    - FirebaseCore (~> 11.0)
  - FirebaseCoreInternal (11.6.0):
    - "GoogleUtilities/NSData+zlib (~> 8.0)"
  - FirebaseCrashlytics (11.4.0):
    - FirebaseCore (~> 11.4)
    - FirebaseInstallations (~> 11.0)
    - FirebaseRemoteConfigInterop (~> 11.0)
    - FirebaseSessions (~> 11.0)
    - GoogleDataTransport (~> 10.0)
    - GoogleUtilities/Environment (~> 8.0)
    - nanopb (~> 3.30910.0)
    - PromisesObjC (~> 2.4)
  - FirebaseDynamicLinks (11.4.0):
    - FirebaseCore (~> 11.0)
  - FirebaseInstallations (11.4.0):
    - FirebaseCore (~> 11.0)
    - GoogleUtilities/Environment (~> 8.0)
    - GoogleUtilities/UserDefaults (~> 8.0)
    - PromisesObjC (~> 2.4)
  - FirebaseMessaging (11.4.0):
    - FirebaseCore (~> 11.0)
    - FirebaseInstallations (~> 11.0)
    - GoogleDataTransport (~> 10.0)
    - GoogleUtilities/AppDelegateSwizzler (~> 8.0)
    - GoogleUtilities/Environment (~> 8.0)
    - GoogleUtilities/Reachability (~> 8.0)
    - GoogleUtilities/UserDefaults (~> 8.0)
    - nanopb (~> 3.30910.0)
  - FirebaseRemoteConfigInterop (11.6.0)
  - FirebaseSessions (11.4.0):
    - FirebaseCore (~> 11.4)
    - FirebaseCoreExtension (~> 11.4)
    - FirebaseInstallations (~> 11.0)
    - GoogleDataTransport (~> 10.0)
    - GoogleUtilities/Environment (~> 8.0)
    - GoogleUtilities/UserDefaults (~> 8.0)
    - nanopb (~> 3.30910.0)
    - PromisesSwift (~> 2.1)
  - Flutter (1.0.0)
  - flutter_config (0.0.1):
    - Flutter
  - flutter_local_notifications (0.0.1):
    - Flutter
  - flutter_localization (0.0.1):
    - Flutter
  - flutter_native_image (0.0.1):
    - Flutter
  - flutter_native_splash (0.0.1):
    - Flutter
  - flutter_naver_map (1.3.1):
    - Flutter
    - NMapsMap (= 3.21.0)
  - flutter_phone_direct_caller (0.0.1):
    - Flutter
  - flutter_platform_alert (0.0.1):
    - Flutter
  - flutter_secure_storage (6.0.0):
    - Flutter
  - flutter_udid (0.0.1):
    - Flutter
    - SAMKeychain
  - flutter_vibrate (0.0.1):
    - Flutter
  - geocoding_ios (1.0.5):
    - Flutter
  - geolocator_apple (1.2.0):
    - Flutter
  - Google-Mobile-Ads-SDK (11.10.0):
    - GoogleUserMessagingPlatform (>= 1.1)
  - google_mobile_ads (5.2.0):
    - Flutter
    - Google-Mobile-Ads-SDK (~> 11.10.0)
    - webview_flutter_wkwebview
  - GoogleAppMeasurement (11.4.0):
    - GoogleAppMeasurement/AdIdSupport (= 11.4.0)
    - GoogleUtilities/AppDelegateSwizzler (~> 8.0)
    - GoogleUtilities/MethodSwizzler (~> 8.0)
    - GoogleUtilities/Network (~> 8.0)
    - "GoogleUtilities/NSData+zlib (~> 8.0)"
    - nanopb (~> 3.30910.0)
  - GoogleAppMeasurement/AdIdSupport (11.4.0):
    - GoogleAppMeasurement/WithoutAdIdSupport (= 11.4.0)
    - GoogleUtilities/AppDelegateSwizzler (~> 8.0)
    - GoogleUtilities/MethodSwizzler (~> 8.0)
    - GoogleUtilities/Network (~> 8.0)
    - "GoogleUtilities/NSData+zlib (~> 8.0)"
    - nanopb (~> 3.30910.0)
  - GoogleAppMeasurement/WithoutAdIdSupport (11.4.0):
    - GoogleUtilities/AppDelegateSwizzler (~> 8.0)
    - GoogleUtilities/MethodSwizzler (~> 8.0)
    - GoogleUtilities/Network (~> 8.0)
    - "GoogleUtilities/NSData+zlib (~> 8.0)"
    - nanopb (~> 3.30910.0)
  - GoogleDataTransport (10.1.0):
    - nanopb (~> 3.30910.0)
    - PromisesObjC (~> 2.4)
  - GoogleUserMessagingPlatform (2.7.0)
  - GoogleUtilities/AppDelegateSwizzler (8.0.2):
    - GoogleUtilities/Environment
    - GoogleUtilities/Logger
    - GoogleUtilities/Network
    - GoogleUtilities/Privacy
  - GoogleUtilities/Environment (8.0.2):
    - GoogleUtilities/Privacy
  - GoogleUtilities/Logger (8.0.2):
    - GoogleUtilities/Environment
    - GoogleUtilities/Privacy
  - GoogleUtilities/MethodSwizzler (8.0.2):
    - GoogleUtilities/Logger
    - GoogleUtilities/Privacy
  - GoogleUtilities/Network (8.0.2):
    - GoogleUtilities/Logger
    - "GoogleUtilities/NSData+zlib"
    - GoogleUtilities/Privacy
    - GoogleUtilities/Reachability
  - "GoogleUtilities/NSData+zlib (8.0.2)":
    - GoogleUtilities/Privacy
  - GoogleUtilities/Privacy (8.0.2)
  - GoogleUtilities/Reachability (8.0.2):
    - GoogleUtilities/Logger
    - GoogleUtilities/Privacy
  - GoogleUtilities/UserDefaults (8.0.2):
    - GoogleUtilities/Logger
    - GoogleUtilities/Privacy
  - GTMSessionFetcher/Core (4.1.0)
  - live_activities (0.0.1):
    - Flutter
  - local_auth_darwin (0.0.1):
    - Flutter
    - FlutterMacOS
  - nanopb (3.30910.0):
    - nanopb/decode (= 3.30910.0)
    - nanopb/encode (= 3.30910.0)
  - nanopb/decode (3.30910.0)
  - nanopb/encode (3.30910.0)
  - NMapsGeometry (1.0.2)
  - NMapsMap (3.21.0):
    - NMapsGeometry
  - path_provider_foundation (0.0.1):
    - Flutter
    - FlutterMacOS
  - permission_handler_apple (9.3.0):
    - Flutter
  - PromisesObjC (2.4.0)
  - PromisesSwift (2.4.0):
    - PromisesObjC (= 2.4.0)
  - RecaptchaInterop (100.0.0)
  - SAMKeychain (1.5.3)
  - sf_symbols (0.0.1):
    - Flutter
  - share_plus (0.0.1):
    - Flutter
  - shared_preferences_foundation (0.0.1):
    - Flutter
    - FlutterMacOS
  - url_launcher_ios (0.0.1):
    - Flutter
  - webview_flutter_wkwebview (0.0.1):
    - Flutter

DEPENDENCIES:
  - app_group_directory (from `.symlinks/plugins/app_group_directory/ios`)
  - firebase_analytics (from `.symlinks/plugins/firebase_analytics/ios`)
  - firebase_auth (from `.symlinks/plugins/firebase_auth/ios`)
  - firebase_core (from `.symlinks/plugins/firebase_core/ios`)
  - firebase_crashlytics (from `.symlinks/plugins/firebase_crashlytics/ios`)
  - firebase_dynamic_links (from `.symlinks/plugins/firebase_dynamic_links/ios`)
  - firebase_messaging (from `.symlinks/plugins/firebase_messaging/ios`)
  - Flutter (from `Flutter`)
  - flutter_config (from `.symlinks/plugins/flutter_config/ios`)
  - flutter_local_notifications (from `.symlinks/plugins/flutter_local_notifications/ios`)
  - flutter_localization (from `.symlinks/plugins/flutter_localization/ios`)
  - flutter_native_image (from `.symlinks/plugins/flutter_native_image/ios`)
  - flutter_native_splash (from `.symlinks/plugins/flutter_native_splash/ios`)
  - flutter_naver_map (from `.symlinks/plugins/flutter_naver_map/ios`)
  - flutter_phone_direct_caller (from `.symlinks/plugins/flutter_phone_direct_caller/ios`)
  - flutter_platform_alert (from `.symlinks/plugins/flutter_platform_alert/ios`)
  - flutter_secure_storage (from `.symlinks/plugins/flutter_secure_storage/ios`)
  - flutter_udid (from `.symlinks/plugins/flutter_udid/ios`)
  - flutter_vibrate (from `.symlinks/plugins/flutter_vibrate/ios`)
  - geocoding_ios (from `.symlinks/plugins/geocoding_ios/ios`)
  - geolocator_apple (from `.symlinks/plugins/geolocator_apple/ios`)
  - google_mobile_ads (from `.symlinks/plugins/google_mobile_ads/ios`)
  - live_activities (from `.symlinks/plugins/live_activities/ios`)
  - local_auth_darwin (from `.symlinks/plugins/local_auth_darwin/darwin`)
  - path_provider_foundation (from `.symlinks/plugins/path_provider_foundation/darwin`)
  - permission_handler_apple (from `.symlinks/plugins/permission_handler_apple/ios`)
  - sf_symbols (from `.symlinks/plugins/sf_symbols/ios`)
  - share_plus (from `.symlinks/plugins/share_plus/ios`)
  - shared_preferences_foundation (from `.symlinks/plugins/shared_preferences_foundation/darwin`)
  - url_launcher_ios (from `.symlinks/plugins/url_launcher_ios/ios`)
  - webview_flutter_wkwebview (from `.symlinks/plugins/webview_flutter_wkwebview/ios`)

SPEC REPOS:
  trunk:
    - Firebase
    - FirebaseAnalytics
    - FirebaseAppCheckInterop
    - FirebaseAuth
    - FirebaseAuthInterop
    - FirebaseCore
    - FirebaseCoreExtension
    - FirebaseCoreInternal
    - FirebaseCrashlytics
    - FirebaseDynamicLinks
    - FirebaseInstallations
    - FirebaseMessaging
    - FirebaseRemoteConfigInterop
    - FirebaseSessions
    - Google-Mobile-Ads-SDK
    - GoogleAppMeasurement
    - GoogleDataTransport
    - GoogleUserMessagingPlatform
    - GoogleUtilities
    - GTMSessionFetcher
    - nanopb
    - NMapsGeometry
    - NMapsMap
    - PromisesObjC
    - PromisesSwift
    - RecaptchaInterop
    - SAMKeychain

EXTERNAL SOURCES:
  app_group_directory:
    :path: ".symlinks/plugins/app_group_directory/ios"
  firebase_analytics:
    :path: ".symlinks/plugins/firebase_analytics/ios"
  firebase_auth:
    :path: ".symlinks/plugins/firebase_auth/ios"
  firebase_core:
    :path: ".symlinks/plugins/firebase_core/ios"
  firebase_crashlytics:
    :path: ".symlinks/plugins/firebase_crashlytics/ios"
  firebase_dynamic_links:
    :path: ".symlinks/plugins/firebase_dynamic_links/ios"
  firebase_messaging:
    :path: ".symlinks/plugins/firebase_messaging/ios"
  Flutter:
    :path: Flutter
  flutter_config:
    :path: ".symlinks/plugins/flutter_config/ios"
  flutter_local_notifications:
    :path: ".symlinks/plugins/flutter_local_notifications/ios"
  flutter_localization:
    :path: ".symlinks/plugins/flutter_localization/ios"
  flutter_native_image:
    :path: ".symlinks/plugins/flutter_native_image/ios"
  flutter_native_splash:
    :path: ".symlinks/plugins/flutter_native_splash/ios"
  flutter_naver_map:
    :path: ".symlinks/plugins/flutter_naver_map/ios"
  flutter_phone_direct_caller:
    :path: ".symlinks/plugins/flutter_phone_direct_caller/ios"
  flutter_platform_alert:
    :path: ".symlinks/plugins/flutter_platform_alert/ios"
  flutter_secure_storage:
    :path: ".symlinks/plugins/flutter_secure_storage/ios"
  flutter_udid:
    :path: ".symlinks/plugins/flutter_udid/ios"
  flutter_vibrate:
    :path: ".symlinks/plugins/flutter_vibrate/ios"
  geocoding_ios:
    :path: ".symlinks/plugins/geocoding_ios/ios"
  geolocator_apple:
    :path: ".symlinks/plugins/geolocator_apple/ios"
  google_mobile_ads:
    :path: ".symlinks/plugins/google_mobile_ads/ios"
  live_activities:
    :path: ".symlinks/plugins/live_activities/ios"
  local_auth_darwin:
    :path: ".symlinks/plugins/local_auth_darwin/darwin"
  path_provider_foundation:
    :path: ".symlinks/plugins/path_provider_foundation/darwin"
  permission_handler_apple:
    :path: ".symlinks/plugins/permission_handler_apple/ios"
  sf_symbols:
    :path: ".symlinks/plugins/sf_symbols/ios"
  share_plus:
    :path: ".symlinks/plugins/share_plus/ios"
  shared_preferences_foundation:
    :path: ".symlinks/plugins/shared_preferences_foundation/darwin"
  url_launcher_ios:
    :path: ".symlinks/plugins/url_launcher_ios/ios"
  webview_flutter_wkwebview:
    :path: ".symlinks/plugins/webview_flutter_wkwebview/ios"

SPEC CHECKSUMS:
  app_group_directory: 7bf9f8f9819ead554de29da7c25fb7a680d6a9a0
  Firebase: cf1b19f21410b029b6786a54e9764a0cacad3c99
  firebase_analytics: 2815af29d49c1a994652abd37a5b001a88bc7b75
  firebase_auth: c4bdd9d7b338ac004008cb5024a643584e0ec03f
  firebase_core: b62a5080210edad3f2934314a8b2c6f5124e8e10
  firebase_crashlytics: 757e252772ed3dd37c07638f9fcd4dceb5f101c8
  firebase_dynamic_links: b6c2a7d6e50d2d0c0ae2acb213af78e9a3d9ce9b
  firebase_messaging: 98619a0572d82cfb3668e78859ba9f1110e268c9
  FirebaseAnalytics: 3feef9ae8733c567866342a1000691baaa7cad49
  FirebaseAppCheckInterop: 347aa09a805219a31249b58fc956888e9fcb314b
  FirebaseAuth: c359af98bd703cbf4293eec107a40de08ede6ce6
  FirebaseAuthInterop: a919d415797d23b7bfe195a04f322b86c65020ef
  FirebaseCore: e0510f1523bc0eb21653cac00792e1e2bd6f1771
  FirebaseCoreExtension: f1bc67a4702931a7caa097d8e4ac0a1b0d16720e
  FirebaseCoreInternal: d98ab91e2d80a56d7b246856a8885443b302c0c2
  FirebaseCrashlytics: 41bbdd2b514a8523cede0c217aee6ef7ecf38401
  FirebaseDynamicLinks: 192110d77418357fe994f2823a7df7db3ccb15bf
  FirebaseInstallations: 6ef4a1c7eb2a61ee1f74727d7f6ce2e72acf1414
  FirebaseMessaging: f8a160d99c2c2e5babbbcc90c4a3e15db036aee2
  FirebaseRemoteConfigInterop: e75e348953352a000331eb77caf01e424248e176
  FirebaseSessions: 3f56f177d9e53a85021d16b31f9a111849d1dd8b
  Flutter: e0871f40cf51350855a761d2e70bf5af5b9b5de7
  flutter_config: f48f0d47a284f1791aacce2687eabb3309ba7a41
  flutter_local_notifications: df98d66e515e1ca797af436137b4459b160ad8c9
  flutter_localization: f43b18844a2b3d2c71fd64f04ffd6b1e64dd54d4
  flutter_native_image: 9c0b7451838484458e5b0fae007b86a4c2d4bdfe
  flutter_native_splash: edf599c81f74d093a4daf8e17bd7a018854bc778
  flutter_naver_map: efcc30f2bb0eaacdb14f41b5a26696b3ca1e3319
  flutter_phone_direct_caller: bd2ffd297f371a8a6c7bfbba0196964ffe3c4358
  flutter_platform_alert: f507baf17889a38794d3cf16b98b637fb69479bd
  flutter_secure_storage: d33dac7ae2ea08509be337e775f6b59f1ff45f12
  flutter_udid: a2482c67a61b9c806ef59dd82ed8d007f1b7ac04
  flutter_vibrate: 9f4c2ab57008965f78969472367c329dd77eb801
  geocoding_ios: d7460f56e80e118d57678efe5c2cdc888739ff18
  geolocator_apple: 9bcea1918ff7f0062d98345d238ae12718acfbc1
  Google-Mobile-Ads-SDK: 13e6e98edfd78ad8d8a791edb927658cc260a56f
  google_mobile_ads: 2a538d8e42b1813809782792e48f8cf4374c2180
  GoogleAppMeasurement: 987769c4ca6b968f2479fbcc9fe3ce34af454b8e
  GoogleDataTransport: aae35b7ea0c09004c3797d53c8c41f66f219d6a7
  GoogleUserMessagingPlatform: a8b56893477f67212fbc8411c139e61d463349f5
  GoogleUtilities: 26a3abef001b6533cf678d3eb38fd3f614b7872d
  GTMSessionFetcher: 923b710231ad3d6f3f0495ac1ced35421e07d9a6
  live_activities: 9ff56a06a2d43ecd68f56deeed13b18a8304789c
  local_auth_darwin: 66e40372f1c29f383a314c738c7446e2f7fdadc3
  nanopb: fad817b59e0457d11a5dfbde799381cd727c1275
  NMapsGeometry: 4e02554fa9880ef02ed96b075dc84355d6352479
  NMapsMap: 8e7e35c2446e7c4a88d6dd0d64aa0d1de903e4f0
  path_provider_foundation: 2b6b4c569c0fb62ec74538f866245ac84301af46
  permission_handler_apple: 9878588469a2b0d0fc1e048d9f43605f92e6cec2
  PromisesObjC: f5707f49cb48b9636751c5b2e7d227e43fba9f47
  PromisesSwift: 9d77319bbe72ebf6d872900551f7eeba9bce2851
  RecaptchaInterop: 7d1a4a01a6b2cb1610a47ef3f85f0c411434cb21
  SAMKeychain: 483e1c9f32984d50ca961e26818a534283b4cd5c
  sf_symbols: 84365e389895263a28c58be12a5ddedb7182cc4e
  share_plus: 8b6f8b3447e494cca5317c8c3073de39b3600d1f
  shared_preferences_foundation: fcdcbc04712aee1108ac7fda236f363274528f78
  url_launcher_ios: 5334b05cef931de560670eeae103fd3e431ac3fe
  webview_flutter_wkwebview: 2a23822e9039b7b1bc52e5add778e5d89ad488d1

PODFILE CHECKSUM: 2295ca04372c1142a41ebce498b5b7bb370c8134

COCOAPODS: 1.15.2
